
Microsoft Visual Studio Solution File, Format Version 12.00
# Visual Studio 15
VisualStudioVersion = 15.0.27428.2015
MinimumVisualStudioVersion = 10.0.40219.1
Project("{9A19103F-16F7-4668-BE54-9A1E7A4F7556}") = "Aggregator", "src\Aggregator\Aggregator.csproj", "{37B11C98-4076-4751-B6E9-16E3B85E52A4}"
EndProject
Project("{2150E333-8FDC-42A3-9474-1A3956D46DE8}") = "Solution Items", "Solution Items", "{D50EDB65-6E15-40AA-B673-F78D33F5789E}"
	ProjectSection(SolutionItems) = preProject
		.editorconfig = .editorconfig
		README.md = README.md
	EndProjectSection
EndProject
Project("{9A19103F-16F7-4668-BE54-9A1E7A4F7556}") = "Aggregator.Tests", "tests\Aggregator.Tests\Aggregator.Tests.csproj", "{B3DF7FCA-2353-409C-B686-A9B652096BBC}"
EndProject
Project("{9A19103F-16F7-4668-BE54-9A1E7A4F7556}") = "Aggregator.Autofac", "src\Aggregator.Autofac\Aggregator.Autofac.csproj", "{3F60B76C-F9BD-46AD-A660-56114CE1FA48}"
EndProject
Project("{9A19103F-16F7-4668-BE54-9A1E7A4F7556}") = "Aggregator.Autofac.Tests", "tests\Aggregator.Autofac.Tests\Aggregator.Autofac.Tests.csproj", "{B41B1F12-61AE-4A68-B852-4CF254818D0A}"
EndProject
Project("{9A19103F-16F7-4668-BE54-9A1E7A4F7556}") = "Aggregator.Persistence.EventStore", "src\Aggregator.Persistence.EventStore\Aggregator.Persistence.EventStore.csproj", "{2D02142C-687E-4995-92AF-D5C12ED87D98}"
EndProject
Project("{9A19103F-16F7-4668-BE54-9A1E7A4F7556}") = "Aggregator.Persistence.EventStore.Tests", "tests\Aggregator.Persistence.EventStore.Tests\Aggregator.Persistence.EventStore.Tests.csproj", "{92E03763-7033-4DCD-8EFD-CD50DEEAA356}"
EndProject
Project("{9A19103F-16F7-4668-BE54-9A1E7A4F7556}") = "Aggregator.ExampleWebHost", "example\Aggregator.Example.WebHost\Aggregator.Example.WebHost.csproj", "{4B0958B7-50AA-46C3-B489-72F5A8B03CCB}"
EndProject
Project("{2150E333-8FDC-42A3-9474-1A3956D46DE8}") = "Example", "Example", "{C4B03F9F-A8DA-4B60-996A-B0519DC355D8}"
EndProject
Global
	GlobalSection(SolutionConfigurationPlatforms) = preSolution
		Debug|Any CPU = Debug|Any CPU
		Release|Any CPU = Release|Any CPU
	EndGlobalSection
	GlobalSection(ProjectConfigurationPlatforms) = postSolution
		{37B11C98-4076-4751-B6E9-16E3B85E52A4}.Debug|Any CPU.ActiveCfg = Debug|Any CPU
		{37B11C98-4076-4751-B6E9-16E3B85E52A4}.Debug|Any CPU.Build.0 = Debug|Any CPU
		{37B11C98-4076-4751-B6E9-16E3B85E52A4}.Release|Any CPU.ActiveCfg = Release|Any CPU
		{37B11C98-4076-4751-B6E9-16E3B85E52A4}.Release|Any CPU.Build.0 = Release|Any CPU
		{B3DF7FCA-2353-409C-B686-A9B652096BBC}.Debug|Any CPU.ActiveCfg = Debug|Any CPU
		{B3DF7FCA-2353-409C-B686-A9B652096BBC}.Debug|Any CPU.Build.0 = Debug|Any CPU
		{B3DF7FCA-2353-409C-B686-A9B652096BBC}.Release|Any CPU.ActiveCfg = Release|Any CPU
		{B3DF7FCA-2353-409C-B686-A9B652096BBC}.Release|Any CPU.Build.0 = Release|Any CPU
		{3F60B76C-F9BD-46AD-A660-56114CE1FA48}.Debug|Any CPU.ActiveCfg = Debug|Any CPU
		{3F60B76C-F9BD-46AD-A660-56114CE1FA48}.Debug|Any CPU.Build.0 = Debug|Any CPU
		{3F60B76C-F9BD-46AD-A660-56114CE1FA48}.Release|Any CPU.ActiveCfg = Release|Any CPU
		{3F60B76C-F9BD-46AD-A660-56114CE1FA48}.Release|Any CPU.Build.0 = Release|Any CPU
		{B41B1F12-61AE-4A68-B852-4CF254818D0A}.Debug|Any CPU.ActiveCfg = Debug|Any CPU
		{B41B1F12-61AE-4A68-B852-4CF254818D0A}.Debug|Any CPU.Build.0 = Debug|Any CPU
		{B41B1F12-61AE-4A68-B852-4CF254818D0A}.Release|Any CPU.ActiveCfg = Release|Any CPU
		{B41B1F12-61AE-4A68-B852-4CF254818D0A}.Release|Any CPU.Build.0 = Release|Any CPU
		{2D02142C-687E-4995-92AF-D5C12ED87D98}.Debug|Any CPU.ActiveCfg = Debug|Any CPU
		{2D02142C-687E-4995-92AF-D5C12ED87D98}.Debug|Any CPU.Build.0 = Debug|Any CPU
		{2D02142C-687E-4995-92AF-D5C12ED87D98}.Release|Any CPU.ActiveCfg = Release|Any CPU
		{2D02142C-687E-4995-92AF-D5C12ED87D98}.Release|Any CPU.Build.0 = Release|Any CPU
		{92E03763-7033-4DCD-8EFD-CD50DEEAA356}.Debug|Any CPU.ActiveCfg = Debug|Any CPU
		{92E03763-7033-4DCD-8EFD-CD50DEEAA356}.Debug|Any CPU.Build.0 = Debug|Any CPU
		{92E03763-7033-4DCD-8EFD-CD50DEEAA356}.Release|Any CPU.ActiveCfg = Release|Any CPU
		{92E03763-7033-4DCD-8EFD-CD50DEEAA356}.Release|Any CPU.Build.0 = Release|Any CPU
		{4B0958B7-50AA-46C3-B489-72F5A8B03CCB}.Debug|Any CPU.ActiveCfg = Debug|Any CPU
		{4B0958B7-50AA-46C3-B489-72F5A8B03CCB}.Debug|Any CPU.Build.0 = Debug|Any CPU
		{4B0958B7-50AA-46C3-B489-72F5A8B03CCB}.Release|Any CPU.ActiveCfg = Release|Any CPU
		{4B0958B7-50AA-46C3-B489-72F5A8B03CCB}.Release|Any CPU.Build.0 = Release|Any CPU
	EndGlobalSection
	GlobalSection(SolutionProperties) = preSolution
		HideSolutionNode = FALSE
	EndGlobalSection
	GlobalSection(NestedProjects) = preSolution
		{4B0958B7-50AA-46C3-B489-72F5A8B03CCB} = {C4B03F9F-A8DA-4B60-996A-B0519DC355D8}
	EndGlobalSection
	GlobalSection(ExtensibilityGlobals) = postSolution
		SolutionGuid = {1D1D1371-E013-47B1-8EE5-0ABDE1701470}
	EndGlobalSection
EndGlobal
