
Microsoft Visual Studio Solution File, Format Version 12.00
# Visual Studio 15
VisualStudioVersion = 15.0.27428.2015
MinimumVisualStudioVersion = 10.0.40219.1
Project("{2150E333-8FDC-42A3-9474-1A3956D46DE8}") = "Solution Items", "Solution Items", "{D50EDB65-6E15-40AA-B673-F78D33F5789E}"
	ProjectSection(SolutionItems) = preProject
		.editorconfig = .editorconfig
		Jenkinsfile = Jenkinsfile
		README.md = README.md
	EndProjectSection
EndProject
Project("{9A19103F-16F7-4668-BE54-9A1E7A4F7556}") = "Aggregator.Tests", "tests\Aggregator.Tests\Aggregator.Tests.csproj", "{B3DF7FCA-2353-409C-B686-A9B652096BBC}"
EndProject
Project("{9A19103F-16F7-4668-BE54-9A1E7A4F7556}") = "Aggregator.Autofac.Tests", "tests\Aggregator.Autofac.Tests\Aggregator.Autofac.Tests.csproj", "{B41B1F12-61AE-4A68-B852-4CF254818D0A}"
EndProject
Project("{9A19103F-16F7-4668-BE54-9A1E7A4F7556}") = "Aggregator.Persistence.EventStore", "src\Aggregator.Persistence.EventStore\Aggregator.Persistence.EventStore.csproj", "{2D02142C-687E-4995-92AF-D5C12ED87D98}"
EndProject
Project("{9A19103F-16F7-4668-BE54-9A1E7A4F7556}") = "Aggregator.Persistence.EventStore.Tests", "tests\Aggregator.Persistence.EventStore.Tests\Aggregator.Persistence.EventStore.Tests.csproj", "{92E03763-7033-4DCD-8EFD-CD50DEEAA356}"
EndProject
Project("{9A19103F-16F7-4668-BE54-9A1E7A4F7556}") = "Aggregator.Example.WebHost", "example\Aggregator.Example.WebHost\Aggregator.Example.WebHost.csproj", "{4B0958B7-50AA-46C3-B489-72F5A8B03CCB}"
EndProject
Project("{2150E333-8FDC-42A3-9474-1A3956D46DE8}") = "Example", "Example", "{C4B03F9F-A8DA-4B60-996A-B0519DC355D8}"
EndProject
Project("{9A19103F-16F7-4668-BE54-9A1E7A4F7556}") = "Aggregator.Example.Domain", "example\Aggregator.Example.Domain\Aggregator.Example.Domain.csproj", "{869C6252-49C8-4E99-819E-49C72D77E2E5}"
EndProject
Project("{9A19103F-16F7-4668-BE54-9A1E7A4F7556}") = "Aggregator.Example.Messages", "example\Aggregator.Example.Messages\Aggregator.Example.Messages.csproj", "{34668765-14C0-4B37-BDF5-217BBB242CAC}"
EndProject
Project("{9A19103F-16F7-4668-BE54-9A1E7A4F7556}") = "Aggregator.Autofac", "src\Aggregator.Autofac\Aggregator.Autofac.csproj", "{A9D0CC28-F00C-47E6-9426-F6411844A6AB}"
EndProject
Project("{9A19103F-16F7-4668-BE54-9A1E7A4F7556}") = "Aggregator", "src\Aggregator\Aggregator.csproj", "{5236A9C2-98A1-4B58-A748-9D38E515783C}"
EndProject
Project("{9A19103F-16F7-4668-BE54-9A1E7A4F7556}") = "Aggregator.Microsoft.DependencyInjection", "src\Aggregator.Microsoft.DependencyInjection\Aggregator.Microsoft.DependencyInjection.csproj", "{40FF334B-145B-4951-A630-3819AD29419B}"
EndProject
Project("{FAE04EC0-301F-11D3-BF4B-00C04F79EFBC}") = "Aggregator.Microsoft.DependencyInjection.Tests", "tests\Aggregator.Microsoft.DependencyInjection.Tests\Aggregator.Microsoft.DependencyInjection.Tests.csproj", "{58AAC9AD-CDD9-4823-83D5-307194F51788}"
EndProject
Global
	GlobalSection(SolutionConfigurationPlatforms) = preSolution
		Debug|Any CPU = Debug|Any CPU
		Release|Any CPU = Release|Any CPU
	EndGlobalSection
	GlobalSection(ProjectConfigurationPlatforms) = postSolution
		{B3DF7FCA-2353-409C-B686-A9B652096BBC}.Debug|Any CPU.ActiveCfg = Debug|Any CPU
		{B3DF7FCA-2353-409C-B686-A9B652096BBC}.Debug|Any CPU.Build.0 = Debug|Any CPU
		{B3DF7FCA-2353-409C-B686-A9B652096BBC}.Release|Any CPU.ActiveCfg = Release|Any CPU
		{B3DF7FCA-2353-409C-B686-A9B652096BBC}.Release|Any CPU.Build.0 = Release|Any CPU
		{B41B1F12-61AE-4A68-B852-4CF254818D0A}.Debug|Any CPU.ActiveCfg = Debug|Any CPU
		{B41B1F12-61AE-4A68-B852-4CF254818D0A}.Debug|Any CPU.Build.0 = Debug|Any CPU
		{B41B1F12-61AE-4A68-B852-4CF254818D0A}.Release|Any CPU.ActiveCfg = Release|Any CPU
		{B41B1F12-61AE-4A68-B852-4CF254818D0A}.Release|Any CPU.Build.0 = Release|Any CPU
		{2D02142C-687E-4995-92AF-D5C12ED87D98}.Debug|Any CPU.ActiveCfg = Debug|Any CPU
		{2D02142C-687E-4995-92AF-D5C12ED87D98}.Debug|Any CPU.Build.0 = Debug|Any CPU
		{2D02142C-687E-4995-92AF-D5C12ED87D98}.Release|Any CPU.ActiveCfg = Release|Any CPU
		{2D02142C-687E-4995-92AF-D5C12ED87D98}.Release|Any CPU.Build.0 = Release|Any CPU
		{92E03763-7033-4DCD-8EFD-CD50DEEAA356}.Debug|Any CPU.ActiveCfg = Debug|Any CPU
		{92E03763-7033-4DCD-8EFD-CD50DEEAA356}.Debug|Any CPU.Build.0 = Debug|Any CPU
		{92E03763-7033-4DCD-8EFD-CD50DEEAA356}.Release|Any CPU.ActiveCfg = Release|Any CPU
		{92E03763-7033-4DCD-8EFD-CD50DEEAA356}.Release|Any CPU.Build.0 = Release|Any CPU
		{4B0958B7-50AA-46C3-B489-72F5A8B03CCB}.Debug|Any CPU.ActiveCfg = Debug|Any CPU
		{4B0958B7-50AA-46C3-B489-72F5A8B03CCB}.Debug|Any CPU.Build.0 = Debug|Any CPU
		{4B0958B7-50AA-46C3-B489-72F5A8B03CCB}.Release|Any CPU.ActiveCfg = Release|Any CPU
		{4B0958B7-50AA-46C3-B489-72F5A8B03CCB}.Release|Any CPU.Build.0 = Release|Any CPU
		{869C6252-49C8-4E99-819E-49C72D77E2E5}.Debug|Any CPU.ActiveCfg = Debug|Any CPU
		{869C6252-49C8-4E99-819E-49C72D77E2E5}.Debug|Any CPU.Build.0 = Debug|Any CPU
		{869C6252-49C8-4E99-819E-49C72D77E2E5}.Release|Any CPU.ActiveCfg = Release|Any CPU
		{869C6252-49C8-4E99-819E-49C72D77E2E5}.Release|Any CPU.Build.0 = Release|Any CPU
		{34668765-14C0-4B37-BDF5-217BBB242CAC}.Debug|Any CPU.ActiveCfg = Debug|Any CPU
		{34668765-14C0-4B37-BDF5-217BBB242CAC}.Debug|Any CPU.Build.0 = Debug|Any CPU
		{34668765-14C0-4B37-BDF5-217BBB242CAC}.Release|Any CPU.ActiveCfg = Release|Any CPU
		{34668765-14C0-4B37-BDF5-217BBB242CAC}.Release|Any CPU.Build.0 = Release|Any CPU
		{A9D0CC28-F00C-47E6-9426-F6411844A6AB}.Debug|Any CPU.ActiveCfg = Debug|Any CPU
		{A9D0CC28-F00C-47E6-9426-F6411844A6AB}.Debug|Any CPU.Build.0 = Debug|Any CPU
		{A9D0CC28-F00C-47E6-9426-F6411844A6AB}.Release|Any CPU.ActiveCfg = Release|Any CPU
		{A9D0CC28-F00C-47E6-9426-F6411844A6AB}.Release|Any CPU.Build.0 = Release|Any CPU
		{5236A9C2-98A1-4B58-A748-9D38E515783C}.Debug|Any CPU.ActiveCfg = Debug|Any CPU
		{5236A9C2-98A1-4B58-A748-9D38E515783C}.Debug|Any CPU.Build.0 = Debug|Any CPU
		{5236A9C2-98A1-4B58-A748-9D38E515783C}.Release|Any CPU.ActiveCfg = Release|Any CPU
		{5236A9C2-98A1-4B58-A748-9D38E515783C}.Release|Any CPU.Build.0 = Release|Any CPU
		{40FF334B-145B-4951-A630-3819AD29419B}.Debug|Any CPU.ActiveCfg = Debug|Any CPU
		{40FF334B-145B-4951-A630-3819AD29419B}.Debug|Any CPU.Build.0 = Debug|Any CPU
		{40FF334B-145B-4951-A630-3819AD29419B}.Release|Any CPU.ActiveCfg = Release|Any CPU
		{40FF334B-145B-4951-A630-3819AD29419B}.Release|Any CPU.Build.0 = Release|Any CPU
		{58AAC9AD-CDD9-4823-83D5-307194F51788}.Debug|Any CPU.ActiveCfg = Debug|Any CPU
		{58AAC9AD-CDD9-4823-83D5-307194F51788}.Debug|Any CPU.Build.0 = Debug|Any CPU
		{58AAC9AD-CDD9-4823-83D5-307194F51788}.Release|Any CPU.ActiveCfg = Release|Any CPU
		{58AAC9AD-CDD9-4823-83D5-307194F51788}.Release|Any CPU.Build.0 = Release|Any CPU
	EndGlobalSection
	GlobalSection(SolutionProperties) = preSolution
		HideSolutionNode = FALSE
	EndGlobalSection
	GlobalSection(NestedProjects) = preSolution
		{4B0958B7-50AA-46C3-B489-72F5A8B03CCB} = {C4B03F9F-A8DA-4B60-996A-B0519DC355D8}
		{869C6252-49C8-4E99-819E-49C72D77E2E5} = {C4B03F9F-A8DA-4B60-996A-B0519DC355D8}
		{34668765-14C0-4B37-BDF5-217BBB242CAC} = {C4B03F9F-A8DA-4B60-996A-B0519DC355D8}
	EndGlobalSection
	GlobalSection(ExtensibilityGlobals) = postSolution
		SolutionGuid = {1D1D1371-E013-47B1-8EE5-0ABDE1701470}
	EndGlobalSection
EndGlobal
