
Microsoft Visual Studio Solution File, Format Version 12.00
Project("{FAE04EC0-301F-11D3-BF4B-00C04F79EFBC}") = "KanbanStyle.Host", "src\KanbanStyle.Host\KanbanStyle.Host.csproj", "{1C582DBF-8D5C-4629-B3CF-609D6D317B50}"
EndProject
Project("{2150E333-8FDC-42A3-9474-1A3956D46DE8}") = "01 Host", "01 Host", "{BEEB7BA7-27BB-404A-8CC1-0950B33D2357}"
EndProject
Global
	GlobalSection(SolutionConfigurationPlatforms) = preSolution
		Debug|Any CPU = Debug|Any CPU
		Release|Any CPU = Release|Any CPU
	EndGlobalSection
	GlobalSection(ProjectConfigurationPlatforms) = postSolution
		{1C582DBF-8D5C-4629-B3CF-609D6D317B50}.Debug|Any CPU.ActiveCfg = Debug|Any CPU
		{1C582DBF-8D5C-4629-B3CF-609D6D317B50}.Debug|Any CPU.Build.0 = Debug|Any CPU
		{1C582DBF-8D5C-4629-B3CF-609D6D317B50}.Release|Any CPU.ActiveCfg = Release|Any CPU
		{1C582DBF-8D5C-4629-B3CF-609D6D317B50}.Release|Any CPU.Build.0 = Release|Any CPU
	EndGlobalSection
	GlobalSection(NestedProjects) = preSolution
		{1C582DBF-8D5C-4629-B3CF-609D6D317B50} = {BEEB7BA7-27BB-404A-8CC1-0950B33D2357}
	EndGlobalSection
EndGlobal
